
Microsoft Visual Studio Solution File, Format Version 12.00
# Visual Studio Version 17
VisualStudioVersion = 17.13.35825.156 d17.13
MinimumVisualStudioVersion = 10.0.40219.1
Project("{FAE04EC0-301F-11D3-BF4B-00C04F79EFBC}") = "TrainCrewBrakingViewer", "TrainCrewBrakingViewer\TrainCrewBrakingViewer.csproj", "{D47F6D40-9350-4D27-9AA7-2FCFE83B49A3}"
EndProject
Global
	GlobalSection(SolutionConfigurationPlatforms) = preSolution
		Debug|Any CPU = Debug|Any CPU
		Release|Any CPU = Release|Any CPU
	EndGlobalSection
	GlobalSection(ProjectConfigurationPlatforms) = postSolution
		{D47F6D40-9350-4D27-9AA7-2FCFE83B49A3}.Debug|Any CPU.ActiveCfg = Debug|Any CPU
		{D47F6D40-9350-4D27-9AA7-2FCFE83B49A3}.Debug|Any CPU.Build.0 = Debug|Any CPU
		{D47F6D40-9350-4D27-9AA7-2FCFE83B49A3}.Release|Any CPU.ActiveCfg = Release|Any CPU
		{D47F6D40-9350-4D27-9AA7-2FCFE83B49A3}.Release|Any CPU.Build.0 = Release|Any CPU
	EndGlobalSection
	GlobalSection(SolutionProperties) = preSolution
		HideSolutionNode = FALSE
	EndGlobalSection
	GlobalSection(ExtensibilityGlobals) = postSolution
		SolutionGuid = {D952E118-62D4-4367-A073-48ACF024720A}
	EndGlobalSection
EndGlobal
